# This file is autogenerated, do not edit; changes may be undone by the next 'dep ensure'.


[[projects]]
  branch = "master"
  name = "github.com/ZiCog/shiny-thing"
  packages = ["foo"]
  revision = "e9e19444ccf5362bba846441c4700a49a94b8118"

[solve-meta]
  analyzer-name = "dep"
  analyzer-version = 1
  inputs-digest = "f508e7d90d5c3c48e1df5c85f51b6a6bfd4f99f4d6fa4d515d678c07e30a5da6"
  solver-name = "gps-cdcl"
  solver-version = 1
